
Microsoft Visual Studio Solution File, Format Version 12.00
# Visual Studio Version 16
VisualStudioVersion = 16.0.29728.190
MinimumVisualStudioVersion = 10.0.40219.1
Project("{FAE04EC0-301F-11D3-BF4B-00C04F79EFBC}") = "ThatsMe.ApiVS", "ThatsMe.ApiVS\ThatsMe.ApiVS.csproj", "{39581A86-A22D-4312-A4E4-77B6838E9DE6}"
EndProject
Global
	GlobalSection(SolutionConfigurationPlatforms) = preSolution
		Debug|Any CPU = Debug|Any CPU
		Release|Any CPU = Release|Any CPU
	EndGlobalSection
	GlobalSection(ProjectConfigurationPlatforms) = postSolution
		{39581A86-A22D-4312-A4E4-77B6838E9DE6}.Debug|Any CPU.ActiveCfg = Debug|Any CPU
		{39581A86-A22D-4312-A4E4-77B6838E9DE6}.Debug|Any CPU.Build.0 = Debug|Any CPU
		{39581A86-A22D-4312-A4E4-77B6838E9DE6}.Release|Any CPU.ActiveCfg = Release|Any CPU
		{39581A86-A22D-4312-A4E4-77B6838E9DE6}.Release|Any CPU.Build.0 = Release|Any CPU
	EndGlobalSection
	GlobalSection(SolutionProperties) = preSolution
		HideSolutionNode = FALSE
	EndGlobalSection
	GlobalSection(ExtensibilityGlobals) = postSolution
		SolutionGuid = {C504D438-43FF-4C68-8A68-BFF28FF4F054}
	EndGlobalSection
EndGlobal
